
Microsoft Visual Studio Solution File, Format Version 12.00
# Visual Studio Version 16
VisualStudioVersion = 16.0.810.25
MinimumVisualStudioVersion = 10.0.40219.1
Project("{FAE04EC0-301F-11D3-BF4B-00C04F79EFBC}") = "MongoConsoleApp", "MongoConsoleApp\MongoConsoleApp.csproj", "{C7EF7470-79B3-4628-BE26-DE503DA527AA}"
EndProject
Global
	GlobalSection(SolutionConfigurationPlatforms) = preSolution
		Debug|Any CPU = Debug|Any CPU
		Release|Any CPU = Release|Any CPU
	EndGlobalSection
	GlobalSection(ProjectConfigurationPlatforms) = postSolution
		{C7EF7470-79B3-4628-BE26-DE503DA527AA}.Debug|Any CPU.ActiveCfg = Debug|Any CPU
		{C7EF7470-79B3-4628-BE26-DE503DA527AA}.Debug|Any CPU.Build.0 = Debug|Any CPU
		{C7EF7470-79B3-4628-BE26-DE503DA527AA}.Release|Any CPU.ActiveCfg = Release|Any CPU
		{C7EF7470-79B3-4628-BE26-DE503DA527AA}.Release|Any CPU.Build.0 = Release|Any CPU
	EndGlobalSection
	GlobalSection(SolutionProperties) = preSolution
		HideSolutionNode = FALSE
	EndGlobalSection
	GlobalSection(ExtensibilityGlobals) = postSolution
		SolutionGuid = {77DE8D3B-76FE-4A74-AD1E-B58D38BA5714}
	EndGlobalSection
EndGlobal
